
Microsoft Visual Studio Solution File, Format Version 12.00
# Visual Studio 15
VisualStudioVersion = 15.0.28307.645
MinimumVisualStudioVersion = 10.0.40219.1
Project("{FAE04EC0-301F-11D3-BF4B-00C04F79EFBC}") = "Drawing", "Drawing\Drawing.csproj", "{F7419324-E945-42A1-898C-FF0482F01452}"
EndProject
Global
	GlobalSection(SolutionConfigurationPlatforms) = preSolution
		Debug|Any CPU = Debug|Any CPU
		Release|Any CPU = Release|Any CPU
	EndGlobalSection
	GlobalSection(ProjectConfigurationPlatforms) = postSolution
		{F7419324-E945-42A1-898C-FF0482F01452}.Debug|Any CPU.ActiveCfg = Debug|Any CPU
		{F7419324-E945-42A1-898C-FF0482F01452}.Debug|Any CPU.Build.0 = Debug|Any CPU
		{F7419324-E945-42A1-898C-FF0482F01452}.Release|Any CPU.ActiveCfg = Release|Any CPU
		{F7419324-E945-42A1-898C-FF0482F01452}.Release|Any CPU.Build.0 = Release|Any CPU
	EndGlobalSection
	GlobalSection(SolutionProperties) = preSolution
		HideSolutionNode = FALSE
	EndGlobalSection
	GlobalSection(ExtensibilityGlobals) = postSolution
		SolutionGuid = {B41AD174-4B67-46B9-AE82-257FC8C32371}
	EndGlobalSection
EndGlobal
